
Microsoft Visual Studio Solution File, Format Version 12.00
# Visual Studio Version 17
VisualStudioVersion = 17.3.32804.467
MinimumVisualStudioVersion = 10.0.40219.1
Project("{9A19103F-16F7-4668-BE54-9A1E7A4F7556}") = "Nerdle_Lopputyö", "Nerdle_Lopputyö.csproj", "{2EEA47F0-EB29-4CB9-A03D-43A6D54CA583}"
EndProject
Global
	GlobalSection(SolutionConfigurationPlatforms) = preSolution
		Debug|Any CPU = Debug|Any CPU
		Release|Any CPU = Release|Any CPU
	EndGlobalSection
	GlobalSection(ProjectConfigurationPlatforms) = postSolution
		{2EEA47F0-EB29-4CB9-A03D-43A6D54CA583}.Debug|Any CPU.ActiveCfg = Debug|Any CPU
		{2EEA47F0-EB29-4CB9-A03D-43A6D54CA583}.Debug|Any CPU.Build.0 = Debug|Any CPU
		{2EEA47F0-EB29-4CB9-A03D-43A6D54CA583}.Release|Any CPU.ActiveCfg = Release|Any CPU
		{2EEA47F0-EB29-4CB9-A03D-43A6D54CA583}.Release|Any CPU.Build.0 = Release|Any CPU
	EndGlobalSection
	GlobalSection(SolutionProperties) = preSolution
		HideSolutionNode = FALSE
	EndGlobalSection
	GlobalSection(ExtensibilityGlobals) = postSolution
		SolutionGuid = {7131D291-DD64-4D3E-BD0C-9C44CB588B9B}
	EndGlobalSection
EndGlobal
